{
  "name": "v-pack",
  "version": "1.0.0",
  "lockfileVersion": 1,
  "requires": true,
  "dependencies": {
    "@babel/helper-validator-identifier": {
      "version": "7.12.11",
      "resolved": "http://artifactory.intra.xiaojukeji.com:80/artifactory/api/npm/npm/@babel/helper-validator-identifier/download/@babel/helper-validator-identifier-7.12.11.tgz",
      "integrity": "sha1-yaHwIZF9y1zPDU5FPjmQIpgfye0="
    },
    "@babel/parser": {
      "version": "7.12.11",
      "resolved": "http://artifactory.intra.xiaojukeji.com:80/artifactory/api/npm/npm/@babel/parser/download/@babel/parser-7.12.11.tgz",
      "integrity": "sha1-nONZW810vFxGaQXobFNbiyUBHnk="
    },
    "@babel/types": {
      "version": "7.12.12",
      "resolved": "http://artifactory.intra.xiaojukeji.com:80/artifactory/api/npm/npm/@babel/types/download/@babel/types-7.12.12.tgz",
      "integrity": "sha1-Rgim7DE6u9h6+lUATTc60EqWwpk=",
      "requires": {
        "@babel/helper-validator-identifier": "^7.12.11",
        "lodash": "^4.17.19",
        "to-fast-properties": "^2.0.0"
      }
    },
    "@rollup/plugin-node-resolve": {
      "version": "11.1.0",
      "resolved": "http://artifactory.intra.xiaojukeji.com:80/artifactory/api/npm/npm/@rollup/plugin-node-resolve/download/@rollup/plugin-node-resolve-11.1.0.tgz",
      "integrity": "sha1-+g+IgpezrrzWU06Kuk5v4BmXZJo=",
      "requires": {
        "@rollup/pluginutils": "^3.1.0",
        "@types/resolve": "1.17.1",
        "builtin-modules": "^3.1.0",
        "deepmerge": "^4.2.2",
        "is-module": "^1.0.0",
        "resolve": "^1.19.0"
      }
    },
    "@rollup/pluginutils": {
      "version": "3.1.0",
      "resolved": "http://artifactory.intra.xiaojukeji.com:80/artifactory/api/npm/npm/@rollup/pluginutils/download/@rollup/pluginutils-3.1.0.tgz",
      "integrity": "sha1-cGtFJO5tyLEDs8mVUz5a1oDAK5s=",
      "requires": {
        "@types/estree": "0.0.39",
        "estree-walker": "^1.0.1",
        "picomatch": "^2.2.2"
      }
    },
    "@types/accepts": {
      "version": "1.3.5",
      "resolved": "https://registry.npm.taobao.org/@types/accepts/download/@types/accepts-1.3.5.tgz",
      "integrity": "sha1-w0vsEVz8dG4E/loFnfTOfns5FXU=",
      "dev": true,
      "requires": {
        "@types/node": "*"
      }
    },
    "@types/body-parser": {
      "version": "1.19.0",
      "resolved": "https://registry.npm.taobao.org/@types/body-parser/download/@types/body-parser-1.19.0.tgz?cache=0&sync_timestamp=1605052521338&other_urls=https%3A%2F%2Fregistry.npm.taobao.org%2F%40types%2Fbody-parser%2Fdownload%2F%40types%2Fbody-parser-1.19.0.tgz",
      "integrity": "sha1-BoWzxH6zAG/+0RfN1VFkth+AU48=",
      "dev": true,
      "requires": {
        "@types/connect": "*",
        "@types/node": "*"
      }
    },
    "@types/connect": {
      "version": "3.4.34",
      "resolved": "https://registry.npm.taobao.org/@types/connect/download/@types/connect-3.4.34.tgz?cache=0&sync_timestamp=1607458722751&other_urls=https%3A%2F%2Fregistry.npm.taobao.org%2F%40types%2Fconnect%2Fdownload%2F%40types%2Fconnect-3.4.34.tgz",
      "integrity": "sha1-FwpAIjptZmAG2TyhKK8r6x2bGQE=",
      "dev": true,
      "requires": {
        "@types/node": "*"
      }
    },
    "@types/content-disposition": {
      "version": "0.5.3",
      "resolved": "https://registry.npm.taobao.org/@types/content-disposition/download/@types/content-disposition-0.5.3.tgz?cache=0&other_urls=https%3A%2F%2Fregistry.npm.taobao.org%2F%40types%2Fcontent-disposition%2Fdownload%2F%40types%2Fcontent-disposition-0.5.3.tgz",
      "integrity": "sha1-CqEWcBlVwvqgcX/GnNFZYJXknZY=",
      "dev": true
    },
    "@types/cookies": {
      "version": "0.7.6",
      "resolved": "https://registry.npm.taobao.org/@types/cookies/download/@types/cookies-0.7.6.tgz?cache=0&sync_timestamp=1608671519395&other_urls=https%3A%2F%2Fregistry.npm.taobao.org%2F%40types%2Fcookies%2Fdownload%2F%40types%2Fcookies-0.7.6.tgz",
      "integrity": "sha1-cSEsU5GpdtO65X1LCfrCD8a9pQQ=",
      "dev": true,
      "requires": {
        "@types/connect": "*",
        "@types/express": "*",
        "@types/keygrip": "*",
        "@types/node": "*"
      }
    },
    "@types/es-module-lexer": {
      "version": "0.3.0",
      "resolved": "http://artifactory.intra.xiaojukeji.com:80/artifactory/api/npm/npm/@types/es-module-lexer/download/@types/es-module-lexer-0.3.0.tgz",
      "integrity": "sha1-n+4/GfZOaz+Znus6cL0Xek1Xpss=",
      "dev": true
    },
    "@types/estree": {
      "version": "0.0.39",
      "resolved": "http://artifactory.intra.xiaojukeji.com:80/artifactory/api/npm/npm/@types/estree/download/@types/estree-0.0.39.tgz",
      "integrity": "sha1-4Xfmme4bjCLSMXTKqnQiZEOJUJ8="
    },
    "@types/express": {
      "version": "4.17.9",
      "resolved": "https://registry.npm.taobao.org/@types/express/download/@types/express-4.17.9.tgz?cache=0&sync_timestamp=1605057477768&other_urls=https%3A%2F%2Fregistry.npm.taobao.org%2F%40types%2Fexpress%2Fdownload%2F%40types%2Fexpress-4.17.9.tgz",
      "integrity": "sha1-9fLfat1wP/KEKK3VK97IoQkbCng=",
      "dev": true,
      "requires": {
        "@types/body-parser": "*",
        "@types/express-serve-static-core": "*",
        "@types/qs": "*",
        "@types/serve-static": "*"
      }
    },
    "@types/express-serve-static-core": {
      "version": "4.17.17",
      "resolved": "https://registry.npm.taobao.org/@types/express-serve-static-core/download/@types/express-serve-static-core-4.17.17.tgz?cache=0&other_urls=https%3A%2F%2Fregistry.npm.taobao.org%2F%40types%2Fexpress-serve-static-core%2Fdownload%2F%40types%2Fexpress-serve-static-core-4.17.17.tgz",
      "integrity": "sha1-a6AkZRZbbJw9jbOije9rFvybcPU=",
      "dev": true,
      "requires": {
        "@types/node": "*",
        "@types/qs": "*",
        "@types/range-parser": "*"
      }
    },
    "@types/fs-extra": {
      "version": "9.0.6",
      "resolved": "http://artifactory.intra.xiaojukeji.com:80/artifactory/api/npm/npm/@types/fs-extra/download/@types/fs-extra-9.0.6.tgz",
      "integrity": "sha1-SI5Wt3KZiZpgi4JpcZwdEzAnpqs=",
      "dev": true,
      "requires": {
        "@types/node": "*"
      }
    },
    "@types/http-assert": {
      "version": "1.5.1",
      "resolved": "https://registry.npm.taobao.org/@types/http-assert/download/@types/http-assert-1.5.1.tgz?cache=0&sync_timestamp=1605053586196&other_urls=https%3A%2F%2Fregistry.npm.taobao.org%2F%40types%2Fhttp-assert%2Fdownload%2F%40types%2Fhttp-assert-1.5.1.tgz",
      "integrity": "sha1-13XpNjDCRpwvmA/CfjFDJAM12zs=",
      "dev": true
    },
    "@types/http-errors": {
      "version": "1.8.0",
      "resolved": "https://registry.npm.taobao.org/@types/http-errors/download/@types/http-errors-1.8.0.tgz?cache=0&sync_timestamp=1605053586555&other_urls=https%3A%2F%2Fregistry.npm.taobao.org%2F%40types%2Fhttp-errors%2Fdownload%2F%40types%2Fhttp-errors-1.8.0.tgz",
      "integrity": "sha1-aCR327vQfNAycxyzsOfq7j0Ca2k=",
      "dev": true
    },
    "@types/keygrip": {
      "version": "1.0.2",
      "resolved": "https://registry.npm.taobao.org/@types/keygrip/download/@types/keygrip-1.0.2.tgz?cache=0&sync_timestamp=1605053949959&other_urls=https%3A%2F%2Fregistry.npm.taobao.org%2F%40types%2Fkeygrip%2Fdownload%2F%40types%2Fkeygrip-1.0.2.tgz",
      "integrity": "sha1-UTq/0lbXrQvx7hhzYGMXszsbKnI=",
      "dev": true
    },
    "@types/koa": {
      "version": "2.11.6",
      "resolved": "https://registry.npm.taobao.org/@types/koa/download/@types/koa-2.11.6.tgz",
      "integrity": "sha1-twMMqmtEr4AcKuoTunfXSv90hNU=",
      "dev": true,
      "requires": {
        "@types/accepts": "*",
        "@types/content-disposition": "*",
        "@types/cookies": "*",
        "@types/http-assert": "*",
        "@types/http-errors": "*",
        "@types/keygrip": "*",
        "@types/koa-compose": "*",
        "@types/node": "*"
      }
    },
    "@types/koa-compose": {
      "version": "3.2.5",
      "resolved": "https://registry.npm.taobao.org/@types/koa-compose/download/@types/koa-compose-3.2.5.tgz",
      "integrity": "sha1-hesugKxQvpXzfM+MQHwJu+NGjp0=",
      "dev": true,
      "requires": {
        "@types/koa": "*"
      }
    },
    "@types/mime": {
      "version": "2.0.3",
      "resolved": "https://registry.npm.taobao.org/@types/mime/download/@types/mime-2.0.3.tgz?cache=0&other_urls=https%3A%2F%2Fregistry.npm.taobao.org%2F%40types%2Fmime%2Fdownload%2F%40types%2Fmime-2.0.3.tgz",
      "integrity": "sha1-yJO3NyHbc2mZQ7/DZTsd63+qSjo=",
      "dev": true
    },
    "@types/mri": {
      "version": "1.1.0",
      "resolved": "https://registry.npm.taobao.org/@types/mri/download/@types/mri-1.1.0.tgz",
      "integrity": "sha1-ZlVeTXl3E3ieoP79rgiY2BcL9a8=",
      "dev": true
    },
    "@types/node": {
      "version": "14.14.16",
      "resolved": "https://registry.npm.taobao.org/@types/node/download/@types/node-14.14.16.tgz?cache=0&sync_timestamp=1608755208423&other_urls=https%3A%2F%2Fregistry.npm.taobao.org%2F%40types%2Fnode%2Fdownload%2F%40types%2Fnode-14.14.16.tgz",
      "integrity": "sha1-PMNR+NSBAd6t/tTJ5PEWBI1De0s="
    },
    "@types/node-hook": {
      "version": "1.0.0",
      "resolved": "http://artifactory.intra.xiaojukeji.com:80/artifactory/api/npm/npm/@types/node-hook/download/@types/node-hook-1.0.0.tgz",
      "integrity": "sha1-YOArjEihhZciWnza/T4+r+uULYw=",
      "dev": true
    },
    "@types/qs": {
      "version": "6.9.5",
      "resolved": "https://registry.npm.taobao.org/@types/qs/download/@types/qs-6.9.5.tgz?cache=0&sync_timestamp=1605055106687&other_urls=https%3A%2F%2Fregistry.npm.taobao.org%2F%40types%2Fqs%2Fdownload%2F%40types%2Fqs-6.9.5.tgz",
      "integrity": "sha1-Q0cRvdSete5p2QwdZ8NUqajssYs=",
      "dev": true
    },
    "@types/range-parser": {
      "version": "1.2.3",
      "resolved": "https://registry.npm.taobao.org/@types/range-parser/download/@types/range-parser-1.2.3.tgz?cache=0&sync_timestamp=1605055243791&other_urls=https%3A%2F%2Fregistry.npm.taobao.org%2F%40types%2Frange-parser%2Fdownload%2F%40types%2Frange-parser-1.2.3.tgz",
      "integrity": "sha1-fuMwunyq+5gJC+zoal7kQRWQTCw=",
      "dev": true
    },
    "@types/resolve": {
      "version": "1.17.1",
      "resolved": "http://artifactory.intra.xiaojukeji.com:80/artifactory/api/npm/npm/@types/resolve/download/@types/resolve-1.17.1.tgz",
      "integrity": "sha1-Ov1q2JZ8d+Q3bFmKgt3Vj0bsRdY=",
      "requires": {
        "@types/node": "*"
      }
    },
    "@types/sade": {
      "version": "1.7.2",
      "resolved": "https://registry.npm.taobao.org/@types/sade/download/@types/sade-1.7.2.tgz",
      "integrity": "sha1-2ZfXf+E2r1ax2iiUJ9yoLf7WcJs=",
      "dev": true,
      "requires": {
        "@types/mri": "*"
      }
    },
    "@types/serve-static": {
      "version": "1.13.8",
      "resolved": "https://registry.npm.taobao.org/@types/serve-static/download/@types/serve-static-1.13.8.tgz?cache=0&sync_timestamp=1605657655340&other_urls=https%3A%2F%2Fregistry.npm.taobao.org%2F%40types%2Fserve-static%2Fdownload%2F%40types%2Fserve-static-1.13.8.tgz",
      "integrity": "sha1-hREp1DRDPHCCFIV0/+wmPVgwnEY=",
      "dev": true,
      "requires": {
        "@types/mime": "*",
        "@types/node": "*"
      }
    },
    "@types/ws": {
      "version": "7.4.0",
      "resolved": "http://artifactory.intra.xiaojukeji.com:80/artifactory/api/npm/npm/@types/ws/download/@types/ws-7.4.0.tgz",
      "integrity": "sha1-SZaQ6ghzbgWoGGET2sN3aaslGg4=",
      "dev": true,
      "requires": {
        "@types/node": "*"
      }
    },
    "@vue/compiler-core": {
      "version": "3.0.5",
      "resolved": "http://artifactory.intra.xiaojukeji.com:80/artifactory/api/npm/npm/@vue/compiler-core/download/@vue/compiler-core-3.0.5.tgz",
      "integrity": "sha1-puVMq+lTbnTGUTrNJknzEa8dQ6w=",
      "requires": {
        "@babel/parser": "^7.12.0",
        "@babel/types": "^7.12.0",
        "@vue/shared": "3.0.5",
        "estree-walker": "^2.0.1",
        "source-map": "^0.6.1"
      },
      "dependencies": {
        "estree-walker": {
          "version": "2.0.2",
          "resolved": "http://artifactory.intra.xiaojukeji.com:80/artifactory/api/npm/npm/estree-walker/download/estree-walker-2.0.2.tgz",
          "integrity": "sha1-UvAQF4wqTBF6d1fP6UKtt9LaTKw="
        }
      }
    },
    "@vue/compiler-dom": {
      "version": "3.0.5",
      "resolved": "http://artifactory.intra.xiaojukeji.com:80/artifactory/api/npm/npm/@vue/compiler-dom/download/@vue/compiler-dom-3.0.5.tgz",
      "integrity": "sha1-eIWhPm0Y9k3ejrzuwFLtLBAmlsI=",
      "requires": {
        "@vue/compiler-core": "3.0.5",
        "@vue/shared": "3.0.5"
      }
    },
    "@vue/reactivity": {
      "version": "3.0.5",
      "resolved": "http://artifactory.intra.xiaojukeji.com:80/artifactory/api/npm/npm/@vue/reactivity/download/@vue/reactivity-3.0.5.tgz",
      "integrity": "sha1-43ieTVI9hF+a4LTXcOK0VZR0L9I=",
      "requires": {
        "@vue/shared": "3.0.5"
      }
    },
    "@vue/runtime-core": {
      "version": "3.0.5",
      "resolved": "http://artifactory.intra.xiaojukeji.com:80/artifactory/api/npm/npm/@vue/runtime-core/download/@vue/runtime-core-3.0.5.tgz",
      "integrity": "sha1-2mMx1fMA1XlOng69yKi9cqnhmWI=",
      "requires": {
        "@vue/reactivity": "3.0.5",
        "@vue/shared": "3.0.5"
      }
    },
    "@vue/runtime-dom": {
      "version": "3.0.5",
      "resolved": "http://artifactory.intra.xiaojukeji.com:80/artifactory/api/npm/npm/@vue/runtime-dom/download/@vue/runtime-dom-3.0.5.tgz",
      "integrity": "sha1-HOLJxEniarBpY9oAZAluiCp6iTU=",
      "requires": {
        "@vue/runtime-core": "3.0.5",
        "@vue/shared": "3.0.5",
        "csstype": "^2.6.8"
      }
    },
    "@vue/shared": {
      "version": "3.0.5",
      "resolved": "http://artifactory.intra.xiaojukeji.com:80/artifactory/api/npm/npm/@vue/shared/download/@vue/shared-3.0.5.tgz",
      "integrity": "sha1-wTHYi9ZxPMTZOzuxNy7bGYMiX/A="
    },
    "accepts": {
      "version": "1.3.7",
      "resolved": "https://registry.npm.taobao.org/accepts/download/accepts-1.3.7.tgz",
      "integrity": "sha1-UxvHJlF6OytB+FACHGzBXqq1B80=",
      "requires": {
        "mime-types": "~2.1.24",
        "negotiator": "0.6.2"
      }
    },
    "ansi-styles": {
      "version": "4.3.0",
      "resolved": "http://artifactory.intra.xiaojukeji.com:80/artifactory/api/npm/npm/ansi-styles/download/ansi-styles-4.3.0.tgz",
      "integrity": "sha1-7dgDYornHATIWuegkG7a00tkiTc=",
      "requires": {
        "color-convert": "^2.0.1"
      }
    },
    "any-promise": {
      "version": "1.3.0",
      "resolved": "https://registry.npm.taobao.org/any-promise/download/any-promise-1.3.0.tgz",
      "integrity": "sha1-q8av7tzqUugJzcA3au0845Y10X8="
    },
    "at-least-node": {
      "version": "1.0.0",
      "resolved": "http://artifactory.intra.xiaojukeji.com:80/artifactory/api/npm/npm/at-least-node/download/at-least-node-1.0.0.tgz",
      "integrity": "sha1-YCzUtG6EStTv/JKoARo8RuAjjcI="
    },
    "balanced-match": {
      "version": "1.0.0",
      "resolved": "http://artifactory.intra.xiaojukeji.com:80/artifactory/api/npm/npm/balanced-match/download/balanced-match-1.0.0.tgz",
      "integrity": "sha1-ibTRmasr7kneFk6gK4nORi1xt2c=",
      "dev": true
    },
    "brace-expansion": {
      "version": "1.1.11",
      "resolved": "http://artifactory.intra.xiaojukeji.com:80/artifactory/api/npm/npm/brace-expansion/download/brace-expansion-1.1.11.tgz",
      "integrity": "sha1-PH/L9SnYcibz0vUrlm/1Jx60Qd0=",
      "dev": true,
      "requires": {
        "balanced-match": "^1.0.0",
        "concat-map": "0.0.1"
      }
    },
    "builtin-modules": {
      "version": "3.2.0",
      "resolved": "http://artifactory.intra.xiaojukeji.com:80/artifactory/api/npm/npm/builtin-modules/download/builtin-modules-3.2.0.tgz",
      "integrity": "sha1-RdXbmefuXmvE82LgCL+RerUEmIc="
    },
    "cache-content-type": {
      "version": "1.0.1",
      "resolved": "https://registry.npm.taobao.org/cache-content-type/download/cache-content-type-1.0.1.tgz",
      "integrity": "sha1-A1zeKwjuISn0qDFeqPAKANuhRTw=",
      "requires": {
        "mime-types": "^2.1.18",
        "ylru": "^1.2.0"
      }
    },
    "chalk": {
      "version": "4.1.0",
      "resolved": "http://artifactory.intra.xiaojukeji.com:80/artifactory/api/npm/npm/chalk/download/chalk-4.1.0.tgz",
      "integrity": "sha1-ThSHCmGNni7dl92DRf2dncMVZGo=",
      "requires": {
        "ansi-styles": "^4.1.0",
        "supports-color": "^7.1.0"
      }
    },
    "co": {
      "version": "4.6.0",
      "resolved": "http://registry.npm.taobao.org/co/download/co-4.6.0.tgz",
      "integrity": "sha1-bqa989hTrlTMuOR7+gvz+QMfsYQ="
    },
    "color-convert": {
      "version": "2.0.1",
      "resolved": "http://artifactory.intra.xiaojukeji.com:80/artifactory/api/npm/npm/color-convert/download/color-convert-2.0.1.tgz",
      "integrity": "sha1-ctOmjVmMm9s68q0ehPIdiWq9TeM=",
      "requires": {
        "color-name": "~1.1.4"
      }
    },
    "color-name": {
      "version": "1.1.4",
      "resolved": "http://artifactory.intra.xiaojukeji.com:80/artifactory/api/npm/npm/color-name/download/color-name-1.1.4.tgz",
      "integrity": "sha1-wqCah6y95pVD3m9j+jmVyCbFNqI="
    },
    "concat-map": {
      "version": "0.0.1",
      "resolved": "http://artifactory.intra.xiaojukeji.com:80/artifactory/api/npm/npm/concat-map/download/concat-map-0.0.1.tgz",
      "integrity": "sha1-2Klr13/Wjfd5OnMDajug1UBdR3s=",
      "dev": true
    },
    "content-disposition": {
      "version": "0.5.3",
      "resolved": "http://registry.npm.taobao.org/content-disposition/download/content-disposition-0.5.3.tgz",
      "integrity": "sha1-4TDK9+cnkIfFYWwgB9BIVpiYT70=",
      "requires": {
        "safe-buffer": "5.1.2"
      }
    },
    "content-type": {
      "version": "1.0.4",
      "resolved": "http://registry.npm.taobao.org/content-type/download/content-type-1.0.4.tgz",
      "integrity": "sha1-4TjMdeBAxyexlm/l5fjJruJW/js="
    },
    "cookies": {
      "version": "0.8.0",
      "resolved": "https://registry.npm.taobao.org/cookies/download/cookies-0.8.0.tgz",
      "integrity": "sha1-EpPOSzkXQKhAbjyYcOgoxLVPP5A=",
      "requires": {
        "depd": "~2.0.0",
        "keygrip": "~1.1.0"
      },
      "dependencies": {
        "depd": {
          "version": "2.0.0",
          "resolved": "http://registry.npm.taobao.org/depd/download/depd-2.0.0.tgz",
          "integrity": "sha1-tpYWPMdXVg0JzyLMj60Vcbeedt8="
        }
      }
    },
    "csstype": {
      "version": "2.6.14",
      "resolved": "http://artifactory.intra.xiaojukeji.com:80/artifactory/api/npm/npm/csstype/download/csstype-2.6.14.tgz",
      "integrity": "sha1-AEgipAUDRbVa1NzAC+HZzy9Clt4="
    },
    "debug": {
      "version": "3.1.0",
      "resolved": "https://registry.npm.taobao.org/debug/download/debug-3.1.0.tgz?cache=0&sync_timestamp=1607566551397&other_urls=https%3A%2F%2Fregistry.npm.taobao.org%2Fdebug%2Fdownload%2Fdebug-3.1.0.tgz",
      "integrity": "sha1-W7WgZyYotkFJVmuhaBnmFRjGcmE=",
      "requires": {
        "ms": "2.0.0"
      }
    },
    "deep-equal": {
      "version": "1.0.1",
      "resolved": "https://registry.npm.taobao.org/deep-equal/download/deep-equal-1.0.1.tgz?cache=0&sync_timestamp=1606860101281&other_urls=https%3A%2F%2Fregistry.npm.taobao.org%2Fdeep-equal%2Fdownload%2Fdeep-equal-1.0.1.tgz",
      "integrity": "sha1-9dJgKStmDghO/0zbyfCK0yR0SLU="
    },
    "deepmerge": {
      "version": "4.2.2",
      "resolved": "http://artifactory.intra.xiaojukeji.com:80/artifactory/api/npm/npm/deepmerge/download/deepmerge-4.2.2.tgz",
      "integrity": "sha1-RNLqNnm49NT/ujPwPYZfwee/SVU="
    },
    "delegates": {
      "version": "1.0.0",
      "resolved": "http://registry.npm.taobao.org/delegates/download/delegates-1.0.0.tgz",
      "integrity": "sha1-hMbhWbgZBP3KWaDvRM2HDTElD5o="
    },
    "depd": {
      "version": "1.1.2",
      "resolved": "http://registry.npm.taobao.org/depd/download/depd-1.1.2.tgz",
      "integrity": "sha1-m81S4UwJd2PnSbJ0xDRu0uVgtak="
    },
    "destroy": {
      "version": "1.0.4",
      "resolved": "http://registry.npm.taobao.org/destroy/download/destroy-1.0.4.tgz",
      "integrity": "sha1-l4hXRCxEdJ5CBmE+N5RiBYJqvYA="
    },
    "dom7": {
      "version": "3.0.0",
      "resolved": "http://artifactory.intra.xiaojukeji.com:80/artifactory/api/npm/npm/dom7/download/dom7-3.0.0.tgz",
      "integrity": "sha1-uGHOXWemvs16qjrQKUL/FLEkAzE=",
      "requires": {
        "ssr-window": "^3.0.0-alpha.1"
      }
    },
    "ee-first": {
      "version": "1.1.1",
      "resolved": "http://registry.npm.taobao.org/ee-first/download/ee-first-1.1.1.tgz",
      "integrity": "sha1-WQxhFWsK4vTwJVcyoViyZrxWsh0="
    },
    "encodeurl": {
      "version": "1.0.2",
      "resolved": "http://registry.npm.taobao.org/encodeurl/download/encodeurl-1.0.2.tgz",
      "integrity": "sha1-rT/0yG7C0CkyL1oCw6mmBslbP1k="
    },
    "es-module-lexer": {
      "version": "0.3.26",
      "resolved": "http://artifactory.intra.xiaojukeji.com:80/artifactory/api/npm/npm/es-module-lexer/download/es-module-lexer-0.3.26.tgz",
      "integrity": "sha1-e1BwROl9WwOwHUOSx0/+ucF3qDs="
    },
    "escape-html": {
      "version": "1.0.3",
      "resolved": "http://registry.npm.taobao.org/escape-html/download/escape-html-1.0.3.tgz",
      "integrity": "sha1-Aljq5NPQwJdN4cFpGI7wBR0dGYg="
    },
    "estree-walker": {
      "version": "1.0.1",
      "resolved": "http://artifactory.intra.xiaojukeji.com:80/artifactory/api/npm/npm/estree-walker/download/estree-walker-1.0.1.tgz",
      "integrity": "sha1-MbxdYSyWtwQQa0d+bdXYqhOMtwA="
    },
    "fresh": {
      "version": "0.5.2",
      "resolved": "http://registry.npm.taobao.org/fresh/download/fresh-0.5.2.tgz",
      "integrity": "sha1-PYyt2Q2XZWn6g1qx+OSyOhBWBac="
    },
    "fs-extra": {
      "version": "9.0.1",
      "resolved": "http://artifactory.intra.xiaojukeji.com:80/artifactory/api/npm/npm/fs-extra/download/fs-extra-9.0.1.tgz",
      "integrity": "sha1-kQ2gBiQ3ukw5/t2GPxZ1zP78ufw=",
      "requires": {
        "at-least-node": "^1.0.0",
        "graceful-fs": "^4.2.0",
        "jsonfile": "^6.0.1",
        "universalify": "^1.0.0"
      }
    },
    "fs.realpath": {
      "version": "1.0.0",
      "resolved": "http://artifactory.intra.xiaojukeji.com:80/artifactory/api/npm/npm/fs.realpath/download/fs.realpath-1.0.0.tgz",
      "integrity": "sha1-FQStJSMVjKpA20onh8sBQRmU6k8=",
      "dev": true
    },
    "fsevents": {
      "version": "2.1.3",
      "resolved": "http://artifactory.intra.xiaojukeji.com:80/artifactory/api/npm/npm/fsevents/download/fsevents-2.1.3.tgz",
      "integrity": "sha1-+3OHA66NL5/pAMM4Nt3r7ouX8j4=",
      "optional": true
    },
    "function-bind": {
      "version": "1.1.1",
      "resolved": "http://artifactory.intra.xiaojukeji.com:80/artifactory/api/npm/npm/function-bind/download/function-bind-1.1.1.tgz",
      "integrity": "sha1-pWiZ0+o8m6uHS7l3O3xe3pL0iV0="
    },
    "glob": {
      "version": "7.1.6",
      "resolved": "http://artifactory.intra.xiaojukeji.com:80/artifactory/api/npm/npm/glob/download/glob-7.1.6.tgz",
      "integrity": "sha1-FB8zuBp8JJLhJVlDB0gMRmeSeKY=",
      "dev": true,
      "requires": {
        "fs.realpath": "^1.0.0",
        "inflight": "^1.0.4",
        "inherits": "2",
        "minimatch": "^3.0.4",
        "once": "^1.3.0",
        "path-is-absolute": "^1.0.0"
      }
    },
    "graceful-fs": {
      "version": "4.2.4",
      "resolved": "http://artifactory.intra.xiaojukeji.com:80/artifactory/api/npm/npm/graceful-fs/download/graceful-fs-4.2.4.tgz",
      "integrity": "sha1-Ila94U02MpWMRl68ltxGfKB6Kfs="
    },
    "has": {
      "version": "1.0.3",
      "resolved": "http://artifactory.intra.xiaojukeji.com:80/artifactory/api/npm/npm/has/download/has-1.0.3.tgz",
      "integrity": "sha1-ci18v8H2qoJB8W3YFOAR4fQeh5Y=",
      "requires": {
        "function-bind": "^1.1.1"
      }
    },
    "has-flag": {
      "version": "4.0.0",
      "resolved": "http://artifactory.intra.xiaojukeji.com:80/artifactory/api/npm/npm/has-flag/download/has-flag-4.0.0.tgz",
      "integrity": "sha1-lEdx/ZyByBJlxNaUGGDaBrtZR5s="
    },
    "http-assert": {
      "version": "1.4.1",
      "resolved": "https://registry.npm.taobao.org/http-assert/download/http-assert-1.4.1.tgz",
      "integrity": "sha1-xfcl1neqfoc+9zYZm4lobM6zeHg=",
      "requires": {
        "deep-equal": "~1.0.1",
        "http-errors": "~1.7.2"
      },
      "dependencies": {
        "http-errors": {
          "version": "1.7.3",
          "resolved": "https://registry.npm.taobao.org/http-errors/download/http-errors-1.7.3.tgz?cache=0&sync_timestamp=1593407611415&other_urls=https%3A%2F%2Fregistry.npm.taobao.org%2Fhttp-errors%2Fdownload%2Fhttp-errors-1.7.3.tgz",
          "integrity": "sha1-bGGeT5xgMIw4UZSYwU+7EKrOuwY=",
          "requires": {
            "depd": "~1.1.2",
            "inherits": "2.0.4",
            "setprototypeof": "1.1.1",
            "statuses": ">= 1.5.0 < 2",
            "toidentifier": "1.0.0"
          }
        }
      }
    },
    "http-errors": {
      "version": "1.8.0",
      "resolved": "https://registry.npm.taobao.org/http-errors/download/http-errors-1.8.0.tgz?cache=0&sync_timestamp=1593407611415&other_urls=https%3A%2F%2Fregistry.npm.taobao.org%2Fhttp-errors%2Fdownload%2Fhttp-errors-1.8.0.tgz",
      "integrity": "sha1-ddG75JfhBE9R5O6ecEpi8o0zZQc=",
      "requires": {
        "depd": "~1.1.2",
        "inherits": "2.0.4",
        "setprototypeof": "1.2.0",
        "statuses": ">= 1.5.0 < 2",
        "toidentifier": "1.0.0"
      },
      "dependencies": {
        "setprototypeof": {
          "version": "1.2.0",
          "resolved": "https://registry.npm.taobao.org/setprototypeof/download/setprototypeof-1.2.0.tgz?cache=0&sync_timestamp=1563425484616&other_urls=https%3A%2F%2Fregistry.npm.taobao.org%2Fsetprototypeof%2Fdownload%2Fsetprototypeof-1.2.0.tgz",
          "integrity": "sha1-ZsmiSnP5/CjL5msJ/tPTPcrxtCQ="
        }
      }
    },
    "inflight": {
      "version": "1.0.6",
      "resolved": "http://artifactory.intra.xiaojukeji.com:80/artifactory/api/npm/npm/inflight/download/inflight-1.0.6.tgz",
      "integrity": "sha1-Sb1jMdfQLQwJvJEKEHW6gWW1bfk=",
      "dev": true,
      "requires": {
        "once": "^1.3.0",
        "wrappy": "1"
      }
    },
    "inherits": {
      "version": "2.0.4",
      "resolved": "https://registry.npm.taobao.org/inherits/download/inherits-2.0.4.tgz?cache=0&sync_timestamp=1560975547815&other_urls=https%3A%2F%2Fregistry.npm.taobao.org%2Finherits%2Fdownload%2Finherits-2.0.4.tgz",
      "integrity": "sha1-D6LGT5MpF8NDOg3tVTY6rjdBa3w="
    },
    "interpret": {
      "version": "1.4.0",
      "resolved": "http://artifactory.intra.xiaojukeji.com:80/artifactory/api/npm/npm/interpret/download/interpret-1.4.0.tgz",
      "integrity": "sha1-Zlq4vE2iendKQFhOgS4+D6RbGh4=",
      "dev": true
    },
    "is-core-module": {
      "version": "2.2.0",
      "resolved": "http://artifactory.intra.xiaojukeji.com:80/artifactory/api/npm/npm/is-core-module/download/is-core-module-2.2.0.tgz",
      "integrity": "sha1-lwN+89UiJNhRY/VZeytj2a/tmBo=",
      "requires": {
        "has": "^1.0.3"
      }
    },
    "is-generator-function": {
      "version": "1.0.8",
      "resolved": "https://registry.npm.taobao.org/is-generator-function/download/is-generator-function-1.0.8.tgz?cache=0&sync_timestamp=1606926808749&other_urls=https%3A%2F%2Fregistry.npm.taobao.org%2Fis-generator-function%2Fdownload%2Fis-generator-function-1.0.8.tgz",
      "integrity": "sha1-37XCsSDgKwqNnSxoBs1WIaqSL3s="
    },
    "is-module": {
      "version": "1.0.0",
      "resolved": "http://artifactory.intra.xiaojukeji.com:80/artifactory/api/npm/npm/is-module/download/is-module-1.0.0.tgz",
      "integrity": "sha1-Mlj7afeMFNW4FdZkM2tM/7ZEFZE="
    },
    "js-tokens": {
      "version": "4.0.0",
      "resolved": "http://artifactory.intra.xiaojukeji.com:80/artifactory/api/npm/npm/js-tokens/download/js-tokens-4.0.0.tgz",
      "integrity": "sha1-GSA/tZmR35jjoocFDUZHzerzJJk="
    },
    "jsonfile": {
      "version": "6.1.0",
      "resolved": "http://artifactory.intra.xiaojukeji.com:80/artifactory/api/npm/npm/jsonfile/download/jsonfile-6.1.0.tgz",
      "integrity": "sha1-vFWyY0eTxnnsZAMJTrE2mKbsCq4=",
      "requires": {
        "graceful-fs": "^4.1.6",
        "universalify": "^2.0.0"
      },
      "dependencies": {
        "universalify": {
          "version": "2.0.0",
          "resolved": "http://artifactory.intra.xiaojukeji.com:80/artifactory/api/npm/npm/universalify/download/universalify-2.0.0.tgz",
          "integrity": "sha1-daSYTv7cSwiXXFrrc/Uw0C3yVxc="
        }
      }
    },
    "keygrip": {
      "version": "1.1.0",
      "resolved": "https://registry.npm.taobao.org/keygrip/download/keygrip-1.1.0.tgz",
      "integrity": "sha1-hxsWgdXhWcYqRFsMdLYV4JF+ciY=",
      "requires": {
        "tsscmp": "1.0.6"
      }
    },
    "koa": {
      "version": "2.13.0",
      "resolved": "https://registry.npm.taobao.org/koa/download/koa-2.13.0.tgz",
      "integrity": "sha1-JSF+Be/TNYp+Xd7ADwo4DJtxtQE=",
      "requires": {
        "accepts": "^1.3.5",
        "cache-content-type": "^1.0.0",
        "content-disposition": "~0.5.2",
        "content-type": "^1.0.4",
        "cookies": "~0.8.0",
        "debug": "~3.1.0",
        "delegates": "^1.0.0",
        "depd": "^1.1.2",
        "destroy": "^1.0.4",
        "encodeurl": "^1.0.2",
        "escape-html": "^1.0.3",
        "fresh": "~0.5.2",
        "http-assert": "^1.3.0",
        "http-errors": "^1.6.3",
        "is-generator-function": "^1.0.7",
        "koa-compose": "^4.1.0",
        "koa-convert": "^1.2.0",
        "on-finished": "^2.3.0",
        "only": "~0.0.2",
        "parseurl": "^1.3.2",
        "statuses": "^1.5.0",
        "type-is": "^1.6.16",
        "vary": "^1.1.2"
      }
    },
    "koa-compose": {
      "version": "4.1.0",
      "resolved": "https://registry.npm.taobao.org/koa-compose/download/koa-compose-4.1.0.tgz",
      "integrity": "sha1-UHMGuTcZAdtBEhyBLpI9DWfT6Hc="
    },
    "koa-convert": {
      "version": "1.2.0",
      "resolved": "https://registry.npm.taobao.org/koa-convert/download/koa-convert-1.2.0.tgz?cache=0&sync_timestamp=1599761700662&other_urls=https%3A%2F%2Fregistry.npm.taobao.org%2Fkoa-convert%2Fdownload%2Fkoa-convert-1.2.0.tgz",
      "integrity": "sha1-2kCHXfSd4FOQmNFwC1CCDOvNIdA=",
      "requires": {
        "co": "^4.6.0",
        "koa-compose": "^3.0.0"
      },
      "dependencies": {
        "koa-compose": {
          "version": "3.2.1",
          "resolved": "https://registry.npm.taobao.org/koa-compose/download/koa-compose-3.2.1.tgz",
          "integrity": "sha1-qFzLQLfZhtjlo0Wzoazo6rz1Tec=",
          "requires": {
            "any-promise": "^1.1.0"
          }
        }
      }
    },
    "koa-send": {
      "version": "5.0.1",
      "resolved": "http://artifactory.intra.xiaojukeji.com:80/artifactory/api/npm/npm/koa-send/download/koa-send-5.0.1.tgz",
      "integrity": "sha1-Odzuv6+zldDWC+r/ujpwtPVD/nk=",
      "requires": {
        "debug": "^4.1.1",
        "http-errors": "^1.7.3",
        "resolve-path": "^1.4.0"
      },
      "dependencies": {
        "debug": {
          "version": "4.3.1",
          "resolved": "http://artifactory.intra.xiaojukeji.com:80/artifactory/api/npm/npm/debug/download/debug-4.3.1.tgz",
          "integrity": "sha1-8NIpxQXgxtjEmsVT0bE9wYP2su4=",
          "requires": {
            "ms": "2.1.2"
          }
        },
        "ms": {
          "version": "2.1.2",
          "resolved": "http://artifactory.intra.xiaojukeji.com:80/artifactory/api/npm/npm/ms/download/ms-2.1.2.tgz",
          "integrity": "sha1-0J0fNXtEP0kzgqjrPM0YOHKuYAk="
        }
      }
    },
    "koa-static": {
      "version": "5.0.0",
      "resolved": "http://artifactory.intra.xiaojukeji.com:80/artifactory/api/npm/npm/koa-static/download/koa-static-5.0.0.tgz",
      "integrity": "sha1-XpL8lrU3rVIZ9CUxnJW2R3J3aUM=",
      "requires": {
        "debug": "^3.1.0",
        "koa-send": "^5.0.0"
      }
    },
    "lodash": {
      "version": "4.17.20",
      "resolved": "http://artifactory.intra.xiaojukeji.com:80/artifactory/api/npm/npm/lodash/download/lodash-4.17.20.tgz",
      "integrity": "sha1-tEqbYpe8tpjxxRo1RaKzs2jVnFI="
    },
    "loose-envify": {
      "version": "1.4.0",
      "resolved": "http://artifactory.intra.xiaojukeji.com:80/artifactory/api/npm/npm/loose-envify/download/loose-envify-1.4.0.tgz",
      "integrity": "sha1-ce5R+nvkyuwaY4OffmgtgTLTDK8=",
      "requires": {
        "js-tokens": "^3.0.0 || ^4.0.0"
      }
    },
    "magic-string": {
      "version": "0.25.7",
      "resolved": "http://artifactory.intra.xiaojukeji.com:80/artifactory/api/npm/npm/magic-string/download/magic-string-0.25.7.tgz",
      "integrity": "sha1-P0l9b9NMZpxnmNy4IfLvMfVEUFE=",
      "requires": {
        "sourcemap-codec": "^1.4.4"
      }
    },
    "media-typer": {
      "version": "0.3.0",
      "resolved": "https://registry.npm.taobao.org/media-typer/download/media-typer-0.3.0.tgz",
      "integrity": "sha1-hxDXrwqmJvj/+hzgAWhUUmMlV0g="
    },
    "mime-db": {
      "version": "1.44.0",
      "resolved": "https://registry.npm.taobao.org/mime-db/download/mime-db-1.44.0.tgz",
      "integrity": "sha1-+hHF6wrKEzS0Izy01S8QxaYnL5I="
    },
    "mime-types": {
      "version": "2.1.27",
      "resolved": "https://registry.npm.taobao.org/mime-types/download/mime-types-2.1.27.tgz?cache=0&sync_timestamp=1587700357245&other_urls=https%3A%2F%2Fregistry.npm.taobao.org%2Fmime-types%2Fdownload%2Fmime-types-2.1.27.tgz",
      "integrity": "sha1-R5SfmOJ56lMRn1ci4PNOUpvsAJ8=",
      "requires": {
        "mime-db": "1.44.0"
      }
    },
    "minimatch": {
      "version": "3.0.4",
      "resolved": "http://artifactory.intra.xiaojukeji.com:80/artifactory/api/npm/npm/minimatch/download/minimatch-3.0.4.tgz",
      "integrity": "sha1-UWbihkV/AzBgZL5Ul+jbsMPTIIM=",
      "dev": true,
      "requires": {
        "brace-expansion": "^1.1.7"
      }
    },
    "mri": {
      "version": "1.1.6",
      "resolved": "https://registry.npm.taobao.org/mri/download/mri-1.1.6.tgz",
      "integrity": "sha1-SZUuEETbIdv5D2zZK8nJp3fUFaY="
    },
    "ms": {
      "version": "2.0.0",
      "resolved": "https://registry.npm.taobao.org/ms/download/ms-2.0.0.tgz?cache=0&sync_timestamp=1607433856030&other_urls=https%3A%2F%2Fregistry.npm.taobao.org%2Fms%2Fdownload%2Fms-2.0.0.tgz",
      "integrity": "sha1-VgiurfwAvmwpAd9fmGF4jeDVl8g="
    },
    "negotiator": {
      "version": "0.6.2",
      "resolved": "https://registry.npm.taobao.org/negotiator/download/negotiator-0.6.2.tgz",
      "integrity": "sha1-/qz3zPUlp3rpY0Q2pkiD/+yjRvs="
    },
    "node-hook": {
      "version": "1.0.0",
      "resolved": "http://artifactory.intra.xiaojukeji.com:80/artifactory/api/npm/npm/node-hook/download/node-hook-1.0.0.tgz",
      "integrity": "sha1-gso5r5kdcm1ceVLlnJkjeLspb34="
    },
    "object-assign": {
      "version": "4.1.1",
      "resolved": "http://artifactory.intra.xiaojukeji.com:80/artifactory/api/npm/npm/object-assign/download/object-assign-4.1.1.tgz",
      "integrity": "sha1-IQmtx5ZYh8/AXLvUQsrIv7s2CGM="
    },
    "on-finished": {
      "version": "2.3.0",
      "resolved": "http://registry.npm.taobao.org/on-finished/download/on-finished-2.3.0.tgz",
      "integrity": "sha1-IPEzZIGwg811M3mSoWlxqi2QaUc=",
      "requires": {
        "ee-first": "1.1.1"
      }
    },
    "once": {
      "version": "1.4.0",
      "resolved": "http://artifactory.intra.xiaojukeji.com:80/artifactory/api/npm/npm/once/download/once-1.4.0.tgz",
      "integrity": "sha1-WDsap3WWHUsROsF9nFC6753Xa9E=",
      "dev": true,
      "requires": {
        "wrappy": "1"
      }
    },
    "only": {
      "version": "0.0.2",
      "resolved": "https://registry.npm.taobao.org/only/download/only-0.0.2.tgz",
      "integrity": "sha1-Kv3oTQPlC5qO3EROMGEKcCle37Q="
    },
    "parseurl": {
      "version": "1.3.3",
      "resolved": "https://registry.npm.taobao.org/parseurl/download/parseurl-1.3.3.tgz",
      "integrity": "sha1-naGee+6NEt/wUT7Vt2lXeTvC6NQ="
    },
    "path-is-absolute": {
      "version": "1.0.1",
      "resolved": "http://artifactory.intra.xiaojukeji.com:80/artifactory/api/npm/npm/path-is-absolute/download/path-is-absolute-1.0.1.tgz",
      "integrity": "sha1-F0uSaHNVNP+8es5r9TpanhtcX18="
    },
    "path-parse": {
      "version": "1.0.6",
      "resolved": "http://artifactory.intra.xiaojukeji.com:80/artifactory/api/npm/npm/path-parse/download/path-parse-1.0.6.tgz",
      "integrity": "sha1-1i27VnlAXXLEc37FhgDp3c8G0kw="
    },
    "picomatch": {
      "version": "2.2.2",
      "resolved": "http://artifactory.intra.xiaojukeji.com:80/artifactory/api/npm/npm/picomatch/download/picomatch-2.2.2.tgz",
      "integrity": "sha1-IfMz6ba46v8CRo9RRupAbTRfTa0="
    },
    "react": {
      "version": "17.0.1",
      "resolved": "http://artifactory.intra.xiaojukeji.com:80/artifactory/api/npm/npm/react/download/react-17.0.1.tgz",
      "integrity": "sha1-bgYAQWvVdXTj+G2S7bo9kAhyYSc=",
      "requires": {
        "loose-envify": "^1.1.0",
        "object-assign": "^4.1.1"
      }
    },
    "rechoir": {
      "version": "0.6.2",
      "resolved": "http://artifactory.intra.xiaojukeji.com:80/artifactory/api/npm/npm/rechoir/download/rechoir-0.6.2.tgz",
      "integrity": "sha1-hSBLVNuoLVdC4oyWdW70OvUOM4Q=",
      "dev": true,
      "requires": {
        "resolve": "^1.1.6"
      }
    },
    "resolve": {
      "version": "1.19.0",
      "resolved": "http://artifactory.intra.xiaojukeji.com:80/artifactory/api/npm/npm/resolve/download/resolve-1.19.0.tgz",
      "integrity": "sha1-GvW/YwQJc0oGfK4pMYqsf6KaJnw=",
      "requires": {
        "is-core-module": "^2.1.0",
        "path-parse": "^1.0.6"
      }
    },
    "resolve-path": {
      "version": "1.4.0",
      "resolved": "http://artifactory.intra.xiaojukeji.com:80/artifactory/api/npm/npm/resolve-path/download/resolve-path-1.4.0.tgz",
      "integrity": "sha1-xL2p9e+y/OZSR4c6s2u02DT+Fvc=",
      "requires": {
        "http-errors": "~1.6.2",
        "path-is-absolute": "1.0.1"
      },
      "dependencies": {
        "http-errors": {
          "version": "1.6.3",
          "resolved": "http://artifactory.intra.xiaojukeji.com:80/artifactory/api/npm/npm/http-errors/download/http-errors-1.6.3.tgz",
          "integrity": "sha1-i1VoC7S+KDoLW/TqLjhYC+HZMg0=",
          "requires": {
            "depd": "~1.1.2",
            "inherits": "2.0.3",
            "setprototypeof": "1.1.0",
            "statuses": ">= 1.4.0 < 2"
          }
        },
        "inherits": {
          "version": "2.0.3",
          "resolved": "http://artifactory.intra.xiaojukeji.com:80/artifactory/api/npm/npm/inherits/download/inherits-2.0.3.tgz",
          "integrity": "sha1-Yzwsg+PaQqUC9SRmAiSA9CCCYd4="
        },
        "setprototypeof": {
          "version": "1.1.0",
          "resolved": "http://artifactory.intra.xiaojukeji.com:80/artifactory/api/npm/npm/setprototypeof/download/setprototypeof-1.1.0.tgz",
          "integrity": "sha1-0L2FU2iHtv58DYGMuWLZ2RxU5lY="
        }
      }
    },
    "rollup": {
      "version": "2.36.2",
      "resolved": "http://artifactory.intra.xiaojukeji.com:80/artifactory/api/npm/npm/rollup/download/rollup-2.36.2.tgz",
      "integrity": "sha1-iD/Hk8cMhIGtYE8QZc15qwpOnEk=",
      "requires": {
        "fsevents": "~2.1.2"
      }
    },
    "sade": {
      "version": "1.7.4",
      "resolved": "https://registry.npm.taobao.org/sade/download/sade-1.7.4.tgz",
      "integrity": "sha1-6mgeDGXSSNIJXJBXjAPKC7G1RpE=",
      "requires": {
        "mri": "^1.1.0"
      }
    },
    "safe-buffer": {
      "version": "5.1.2",
      "resolved": "https://registry.npm.taobao.org/safe-buffer/download/safe-buffer-5.1.2.tgz",
      "integrity": "sha1-mR7GnSluAxN0fVm9/St0XDX4go0="
    },
    "setprototypeof": {
      "version": "1.1.1",
      "resolved": "https://registry.npm.taobao.org/setprototypeof/download/setprototypeof-1.1.1.tgz?cache=0&sync_timestamp=1563425484616&other_urls=https%3A%2F%2Fregistry.npm.taobao.org%2Fsetprototypeof%2Fdownload%2Fsetprototypeof-1.1.1.tgz",
      "integrity": "sha1-fpWsskqpL1iF4KvvW6ExMw1K5oM="
    },
    "shelljs": {
      "version": "0.8.4",
      "resolved": "http://artifactory.intra.xiaojukeji.com:80/artifactory/api/npm/npm/shelljs/download/shelljs-0.8.4.tgz",
      "integrity": "sha1-3naE/ut2f4cWsyYHiooAh1iQ48I=",
      "dev": true,
      "requires": {
        "glob": "^7.0.0",
        "interpret": "^1.0.0",
        "rechoir": "^0.6.2"
      }
    },
    "source-map": {
      "version": "0.6.1",
      "resolved": "http://artifactory.intra.xiaojukeji.com:80/artifactory/api/npm/npm/source-map/download/source-map-0.6.1.tgz",
      "integrity": "sha1-dHIq8y6WFOnCh6jQu95IteLxomM="
    },
    "sourcemap-codec": {
      "version": "1.4.8",
      "resolved": "http://artifactory.intra.xiaojukeji.com:80/artifactory/api/npm/npm/sourcemap-codec/download/sourcemap-codec-1.4.8.tgz",
      "integrity": "sha1-6oBL2UhXQC5pktBaOO8a41qatMQ="
    },
    "ssr-window": {
      "version": "3.0.0",
      "resolved": "http://artifactory.intra.xiaojukeji.com:80/artifactory/api/npm/npm/ssr-window/download/ssr-window-3.0.0.tgz",
      "integrity": "sha1-/VuCgBY4lD4MxwTEaRgBQ1r3rDc="
    },
    "statuses": {
      "version": "1.5.0",
      "resolved": "https://registry.npm.taobao.org/statuses/download/statuses-1.5.0.tgz",
      "integrity": "sha1-Fhx9rBd2Wf2YEfQ3cfqZOBR4Yow="
    },
    "supports-color": {
      "version": "7.2.0",
      "resolved": "http://artifactory.intra.xiaojukeji.com:80/artifactory/api/npm/npm/supports-color/download/supports-color-7.2.0.tgz",
      "integrity": "sha1-G33NyzK4E4gBs+R4umpRyqiWSNo=",
      "requires": {
        "has-flag": "^4.0.0"
      }
    },
    "swiper": {
      "version": "6.4.5",
      "resolved": "http://artifactory.intra.xiaojukeji.com:80/artifactory/api/npm/npm/swiper/download/swiper-6.4.5.tgz",
      "integrity": "sha1-Kqnn9Z7QV4xBFia/JM21lCYJYY4=",
      "requires": {
        "dom7": "^3.0.0",
        "ssr-window": "^3.0.0",
        "tslib": "^2.0.0"
      }
    },
    "to-fast-properties": {
      "version": "2.0.0",
      "resolved": "http://artifactory.intra.xiaojukeji.com:80/artifactory/api/npm/npm/to-fast-properties/download/to-fast-properties-2.0.0.tgz",
      "integrity": "sha1-3F5pjL0HkmW8c+A3doGk5Og/YW4="
    },
    "toidentifier": {
      "version": "1.0.0",
      "resolved": "http://registry.npm.taobao.org/toidentifier/download/toidentifier-1.0.0.tgz",
      "integrity": "sha1-fhvjRw8ed5SLxD2Uo8j013UrpVM="
    },
    "tslib": {
      "version": "2.1.0",
      "resolved": "http://artifactory.intra.xiaojukeji.com:80/artifactory/api/npm/npm/tslib/download/tslib-2.1.0.tgz",
      "integrity": "sha1-2mCGDxwuyqVwOrfTm8Bba/mIuXo="
    },
    "tsscmp": {
      "version": "1.0.6",
      "resolved": "https://registry.npm.taobao.org/tsscmp/download/tsscmp-1.0.6.tgz",
      "integrity": "sha1-hbmVg6w1iexL/vgltQAKqRHWBes="
    },
    "type-is": {
      "version": "1.6.18",
      "resolved": "https://registry.npm.taobao.org/type-is/download/type-is-1.6.18.tgz",
      "integrity": "sha1-TlUs0F3wlGfcvE73Od6J8s83wTE=",
      "requires": {
        "media-typer": "0.3.0",
        "mime-types": "~2.1.24"
      }
    },
    "typescript": {
      "version": "4.1.3",
      "resolved": "https://registry.npm.taobao.org/typescript/download/typescript-4.1.3.tgz?cache=0&sync_timestamp=1609051945114&other_urls=https%3A%2F%2Fregistry.npm.taobao.org%2Ftypescript%2Fdownload%2Ftypescript-4.1.3.tgz",
      "integrity": "sha1-UZ1YK9lMugz4k0x9joRn5HP1O7c=",
      "dev": true
    },
    "universalify": {
      "version": "1.0.0",
      "resolved": "http://artifactory.intra.xiaojukeji.com:80/artifactory/api/npm/npm/universalify/download/universalify-1.0.0.tgz",
      "integrity": "sha1-thodoXPoQ1sv48Z9Kbmt+FlL0W0="
    },
    "vary": {
      "version": "1.1.2",
      "resolved": "http://registry.npm.taobao.org/vary/download/vary-1.1.2.tgz",
      "integrity": "sha1-IpnwLG3tMNSllhsLn3RSShj2NPw="
    },
    "vue": {
      "version": "3.0.5",
      "resolved": "http://artifactory.intra.xiaojukeji.com:80/artifactory/api/npm/npm/vue/download/vue-3.0.5.tgz",
      "integrity": "sha1-3huC66JKv+ceCXD8m41LK6vcP+E=",
      "requires": {
        "@vue/compiler-dom": "3.0.5",
        "@vue/runtime-dom": "3.0.5",
        "@vue/shared": "3.0.5"
      }
    },
    "wrappy": {
      "version": "1.0.2",
      "resolved": "http://artifactory.intra.xiaojukeji.com:80/artifactory/api/npm/npm/wrappy/download/wrappy-1.0.2.tgz",
      "integrity": "sha1-tSQ9jz7BqjXxNkYFvA0QNuMKtp8=",
      "dev": true
    },
    "ws": {
      "version": "7.4.1",
      "resolved": "http://artifactory.intra.xiaojukeji.com:80/artifactory/api/npm/npm/ws/download/ws-7.4.1.tgz",
      "integrity": "sha1-ozO+Amlr0OVM6gQ04h3MiprClLs="
    },
    "ylru": {
      "version": "1.2.1",
      "resolved": "https://registry.npm.taobao.org/ylru/download/ylru-1.2.1.tgz",
      "integrity": "sha1-9Xa2M0FUeYnB3nuiiHYJI7J/6E8="
    }
  }
}
